
Microsoft Visual Studio Solution File, Format Version 12.00
# Visual Studio Version 17
VisualStudioVersion = 17.6.33829.357
MinimumVisualStudioVersion = 10.0.40219.1
Project("{FAE04EC0-301F-11D3-BF4B-00C04F79EFBC}") = "Science.API", "Science.API\Science.API.csproj", "{3ACACAFF-B0BE-4F64-A078-32B5F318D933}"
EndProject
Project("{FAE04EC0-301F-11D3-BF4B-00C04F79EFBC}") = "Science.Domain", "Science.Domain\Science.Domain.csproj", "{999AF4DF-CF20-4541-9EEA-22137A161229}"
EndProject
Project("{FAE04EC0-301F-11D3-BF4B-00C04F79EFBC}") = "Science.Data", "Science.Data\Science.Data.csproj", "{0E10C946-5DFE-44EB-B43A-1F3CE07DB504}"
EndProject
Project("{FAE04EC0-301F-11D3-BF4B-00C04F79EFBC}") = "Science.Service", "Science.Service\Science.Service.csproj", "{27DEA9E3-5C5F-48B6-BC7D-ACBAEAF89D49}"
EndProject
Project("{FAE04EC0-301F-11D3-BF4B-00C04F79EFBC}") = "Science.DTO", "Science.DTO\Science.DTO.csproj", "{2727F2D8-F927-46E3-9D17-F81AFC633F06}"
EndProject
Project("{FAE04EC0-301F-11D3-BF4B-00C04F79EFBC}") = "Science.Utility", "Science.Utility\Science.Utility.csproj", "{C8D3CDDB-9991-4AA5-8753-C40DEE4A4CDD}"
EndProject
Global
	GlobalSection(SolutionConfigurationPlatforms) = preSolution
		Debug|Any CPU = Debug|Any CPU
		Release|Any CPU = Release|Any CPU
	EndGlobalSection
	GlobalSection(ProjectConfigurationPlatforms) = postSolution
		{3ACACAFF-B0BE-4F64-A078-32B5F318D933}.Debug|Any CPU.ActiveCfg = Debug|Any CPU
		{3ACACAFF-B0BE-4F64-A078-32B5F318D933}.Debug|Any CPU.Build.0 = Debug|Any CPU
		{3ACACAFF-B0BE-4F64-A078-32B5F318D933}.Release|Any CPU.ActiveCfg = Release|Any CPU
		{3ACACAFF-B0BE-4F64-A078-32B5F318D933}.Release|Any CPU.Build.0 = Release|Any CPU
		{999AF4DF-CF20-4541-9EEA-22137A161229}.Debug|Any CPU.ActiveCfg = Debug|Any CPU
		{999AF4DF-CF20-4541-9EEA-22137A161229}.Debug|Any CPU.Build.0 = Debug|Any CPU
		{999AF4DF-CF20-4541-9EEA-22137A161229}.Release|Any CPU.ActiveCfg = Release|Any CPU
		{999AF4DF-CF20-4541-9EEA-22137A161229}.Release|Any CPU.Build.0 = Release|Any CPU
		{0E10C946-5DFE-44EB-B43A-1F3CE07DB504}.Debug|Any CPU.ActiveCfg = Debug|Any CPU
		{0E10C946-5DFE-44EB-B43A-1F3CE07DB504}.Debug|Any CPU.Build.0 = Debug|Any CPU
		{0E10C946-5DFE-44EB-B43A-1F3CE07DB504}.Release|Any CPU.ActiveCfg = Release|Any CPU
		{0E10C946-5DFE-44EB-B43A-1F3CE07DB504}.Release|Any CPU.Build.0 = Release|Any CPU
		{27DEA9E3-5C5F-48B6-BC7D-ACBAEAF89D49}.Debug|Any CPU.ActiveCfg = Debug|Any CPU
		{27DEA9E3-5C5F-48B6-BC7D-ACBAEAF89D49}.Debug|Any CPU.Build.0 = Debug|Any CPU
		{27DEA9E3-5C5F-48B6-BC7D-ACBAEAF89D49}.Release|Any CPU.ActiveCfg = Release|Any CPU
		{27DEA9E3-5C5F-48B6-BC7D-ACBAEAF89D49}.Release|Any CPU.Build.0 = Release|Any CPU
		{2727F2D8-F927-46E3-9D17-F81AFC633F06}.Debug|Any CPU.ActiveCfg = Debug|Any CPU
		{2727F2D8-F927-46E3-9D17-F81AFC633F06}.Debug|Any CPU.Build.0 = Debug|Any CPU
		{2727F2D8-F927-46E3-9D17-F81AFC633F06}.Release|Any CPU.ActiveCfg = Release|Any CPU
		{2727F2D8-F927-46E3-9D17-F81AFC633F06}.Release|Any CPU.Build.0 = Release|Any CPU
		{C8D3CDDB-9991-4AA5-8753-C40DEE4A4CDD}.Debug|Any CPU.ActiveCfg = Debug|Any CPU
		{C8D3CDDB-9991-4AA5-8753-C40DEE4A4CDD}.Debug|Any CPU.Build.0 = Debug|Any CPU
		{C8D3CDDB-9991-4AA5-8753-C40DEE4A4CDD}.Release|Any CPU.ActiveCfg = Release|Any CPU
		{C8D3CDDB-9991-4AA5-8753-C40DEE4A4CDD}.Release|Any CPU.Build.0 = Release|Any CPU
	EndGlobalSection
	GlobalSection(SolutionProperties) = preSolution
		HideSolutionNode = FALSE
	EndGlobalSection
	GlobalSection(ExtensibilityGlobals) = postSolution
		SolutionGuid = {D696A690-4029-4D3F-B4DF-218F37299241}
	EndGlobalSection
EndGlobal
